// !$*UTF8*$!
{
	archiveVersion = 1;
	classes = {
	};
	objectVersion = 56;
	objects = {

/* Begin PBXBuildFile section */
		1D164F872C513B6C004C0F75 /* 360View.scnassets in Resources */ = {isa = PBXBuildFile; fileRef = 1D164F862C513B6C004C0F75 /* 360View.scnassets */; };
		1D164F892C513B7E004C0F75 /* Videos.scnassets in Resources */ = {isa = PBXBuildFile; fileRef = 1D164F882C513B7E004C0F75 /* Videos.scnassets */; };
		1D164F8B2C513E63004C0F75 /* VideoManager.swift in Sources */ = {isa = PBXBuildFile; fileRef = 1D164F8A2C513E63004C0F75 /* VideoManager.swift */; };
		1D164F8D2C513E7E004C0F75 /* ImageManager.swift in Sources */ = {isa = PBXBuildFile; fileRef = 1D164F8C2C513E7E004C0F75 /* ImageManager.swift */; };
		1D164F922C5144A8004C0F75 /* ARProtocols.swift in Sources */ = {isa = PBXBuildFile; fileRef = 1D164F912C5144A8004C0F75 /* ARProtocols.swift */; };
		1D164F942C515F9B004C0F75 /* ModelManager.swift in Sources */ = {isa = PBXBuildFile; fileRef = 1D164F932C515F9B004C0F75 /* ModelManager.swift */; };
		1D164F9F2C58FF58004C0F75 /* 3DModels.scnassets in Resources */ = {isa = PBXBuildFile; fileRef = 1D164F9E2C58FF58004C0F75 /* 3DModels.scnassets */; };
		1DB8F6BF2C5A9CC500C98E74 /* SuperZoom.scnassets in Resources */ = {isa = PBXBuildFile; fileRef = 1DB8F6BE2C5A9CC500C98E74 /* SuperZoom.scnassets */; };
		1DB8F6C12C5CDFB100C98E74 /* SuperZoomView.swift in Sources */ = {isa = PBXBuildFile; fileRef = 1DB8F6C02C5CDFB100C98E74 /* SuperZoomView.swift */; };
		1DB8F6C32C5D29EA00C98E74 /* ZoomableScrollView.swift in Sources */ = {isa = PBXBuildFile; fileRef = 1DB8F6C22C5D29EA00C98E74 /* ZoomableScrollView.swift */; };
		1DD7D7022C49367200CFA245 /* HDBookApp.swift in Sources */ = {isa = PBXBuildFile; fileRef = 1DD7D7012C49367200CFA245 /* HDBookApp.swift */; };
		1DD7D7062C49367400CFA245 /* Assets.xcassets in Resources */ = {isa = PBXBuildFile; fileRef = 1DD7D7052C49367400CFA245 /* Assets.xcassets */; };
		1DD7D7092C49367400CFA245 /* Preview Assets.xcassets in Resources */ = {isa = PBXBuildFile; fileRef = 1DD7D7082C49367400CFA245 /* Preview Assets.xcassets */; };
		1DD7D7132C49367500CFA245 /* HDBookTests.swift in Sources */ = {isa = PBXBuildFile; fileRef = 1DD7D7122C49367500CFA245 /* HDBookTests.swift */; };
		1DD7D71D2C49367500CFA245 /* HDBookUITests.swift in Sources */ = {isa = PBXBuildFile; fileRef = 1DD7D71C2C49367500CFA245 /* HDBookUITests.swift */; };
		1DD7D71F2C49367500CFA245 /* HDBookUITestsLaunchTests.swift in Sources */ = {isa = PBXBuildFile; fileRef = 1DD7D71E2C49367500CFA245 /* HDBookUITestsLaunchTests.swift */; };
		1DD7D72C2C4950AE00CFA245 /* AppDelegate.swift in Sources */ = {isa = PBXBuildFile; fileRef = 1DD7D72B2C4950AE00CFA245 /* AppDelegate.swift */; };
		1DD7D72E2C49512100CFA245 /* FirebaseStorageService.swift in Sources */ = {isa = PBXBuildFile; fileRef = 1DD7D72D2C49512100CFA245 /* FirebaseStorageService.swift */; };
		1DD7D7312C4951C700CFA245 /* FirebaseStorage in Frameworks */ = {isa = PBXBuildFile; productRef = 1DD7D7302C4951C700CFA245 /* FirebaseStorage */; };
		1DD7D7332C4952CE00CFA245 /* ARViewCoordinator.swift in Sources */ = {isa = PBXBuildFile; fileRef = 1DD7D7322C4952CD00CFA245 /* ARViewCoordinator.swift */; };
		1DD7D7352C4953DB00CFA245 /* LaunchScreen.swift in Sources */ = {isa = PBXBuildFile; fileRef = 1DD7D7342C4953DB00CFA245 /* LaunchScreen.swift */; };
		1DD7D7382C4953F500CFA245 /* Reachability in Frameworks */ = {isa = PBXBuildFile; productRef = 1DD7D7372C4953F500CFA245 /* Reachability */; };
		1DD7D73A2C4956D600CFA245 /* ARCameraView.swift in Sources */ = {isa = PBXBuildFile; fileRef = 1DD7D7392C4956D600CFA245 /* ARCameraView.swift */; };
		1DD7D73C2C49570900CFA245 /* TutorialCardsViewModel.swift in Sources */ = {isa = PBXBuildFile; fileRef = 1DD7D73B2C49570900CFA245 /* TutorialCardsViewModel.swift */; };
		1DD7D73E2C49574E00CFA245 /* TutorialCardView.swift in Sources */ = {isa = PBXBuildFile; fileRef = 1DD7D73D2C49574E00CFA245 /* TutorialCardView.swift */; };
		1DD7D7422C4957B000CFA245 /* TutorialView.swift in Sources */ = {isa = PBXBuildFile; fileRef = 1DD7D7412C4957B000CFA245 /* TutorialView.swift */; };
		1DD7D7442C4957D400CFA245 /* ModifiedTutorialView.swift in Sources */ = {isa = PBXBuildFile; fileRef = 1DD7D7432C4957D400CFA245 /* ModifiedTutorialView.swift */; };
		1DD7D7462C4957EF00CFA245 /* ModifiedTutorialCardView.swift in Sources */ = {isa = PBXBuildFile; fileRef = 1DD7D7452C4957EF00CFA245 /* ModifiedTutorialCardView.swift */; };
		1DD7D74A2C49583900CFA245 /* TutorialCards.swift in Sources */ = {isa = PBXBuildFile; fileRef = 1DD7D7492C49583900CFA245 /* TutorialCards.swift */; };
		1DD7D74F2C4958E700CFA245 /* AppColors.swift in Sources */ = {isa = PBXBuildFile; fileRef = 1DD7D74E2C4958E700CFA245 /* AppColors.swift */; };
		1DD7D7512C49597E00CFA245 /* Assets Files in Resources */ = {isa = PBXBuildFile; fileRef = 1DD7D7502C49597E00CFA245 /* Assets Files */; };
		1DD7D7552C495A5C00CFA245 /* Fonts.swift in Sources */ = {isa = PBXBuildFile; fileRef = 1DD7D7542C495A5C00CFA245 /* Fonts.swift */; };
		1DD7D7572C495AC900CFA245 /* CTPanoramaCompass.swift in Sources */ = {isa = PBXBuildFile; fileRef = 1DD7D7562C495AC900CFA245 /* CTPanoramaCompass.swift */; };
		1DD7D7592C495FFE00CFA245 /* GoogleService-Info.plist in Resources */ = {isa = PBXBuildFile; fileRef = 1DD7D7582C495FFE00CFA245 /* GoogleService-Info.plist */; };
/* End PBXBuildFile section */

/* Begin PBXContainerItemProxy section */
		1DD7D70F2C49367500CFA245 /* PBXContainerItemProxy */ = {
			isa = PBXContainerItemProxy;
			containerPortal = 1DD7D6F62C49367200CFA245 /* Project object */;
			proxyType = 1;
			remoteGlobalIDString = 1DD7D6FD2C49367200CFA245;
			remoteInfo = HDBook;
		};
		1DD7D7192C49367500CFA245 /* PBXContainerItemProxy */ = {
			isa = PBXContainerItemProxy;
			containerPortal = 1DD7D6F62C49367200CFA245 /* Project object */;
			proxyType = 1;
			remoteGlobalIDString = 1DD7D6FD2C49367200CFA245;
			remoteInfo = HDBook;
		};
/* End PBXContainerItemProxy section */

/* Begin PBXFileReference section */
		1D164F862C513B6C004C0F75 /* 360View.scnassets */ = {isa = PBXFileReference; lastKnownFileType = wrapper.scnassets; path = 360View.scnassets; sourceTree = "<group>"; };
		1D164F882C513B7E004C0F75 /* Videos.scnassets */ = {isa = PBXFileReference; lastKnownFileType = wrapper.scnassets; path = Videos.scnassets; sourceTree = "<group>"; };
		1D164F8A2C513E63004C0F75 /* VideoManager.swift */ = {isa = PBXFileReference; lastKnownFileType = sourcecode.swift; path = VideoManager.swift; sourceTree = "<group>"; };
		1D164F8C2C513E7E004C0F75 /* ImageManager.swift */ = {isa = PBXFileReference; lastKnownFileType = sourcecode.swift; path = ImageManager.swift; sourceTree = "<group>"; };
		1D164F912C5144A8004C0F75 /* ARProtocols.swift */ = {isa = PBXFileReference; lastKnownFileType = sourcecode.swift; path = ARProtocols.swift; sourceTree = "<group>"; };
		1D164F932C515F9B004C0F75 /* ModelManager.swift */ = {isa = PBXFileReference; lastKnownFileType = sourcecode.swift; path = ModelManager.swift; sourceTree = "<group>"; };
		1D164F9E2C58FF58004C0F75 /* 3DModels.scnassets */ = {isa = PBXFileReference; lastKnownFileType = wrapper.scnassets; path = 3DModels.scnassets; sourceTree = "<group>"; };
		1DB8F6BE2C5A9CC500C98E74 /* SuperZoom.scnassets */ = {isa = PBXFileReference; lastKnownFileType = wrapper.scnassets; path = SuperZoom.scnassets; sourceTree = "<group>"; };
		1DB8F6C02C5CDFB100C98E74 /* SuperZoomView.swift */ = {isa = PBXFileReference; lastKnownFileType = sourcecode.swift; path = SuperZoomView.swift; sourceTree = "<group>"; };
		1DB8F6C22C5D29EA00C98E74 /* ZoomableScrollView.swift */ = {isa = PBXFileReference; lastKnownFileType = sourcecode.swift; path = ZoomableScrollView.swift; sourceTree = "<group>"; };
		1DD7D6FE2C49367200CFA245 /* HDBook.app */ = {isa = PBXFileReference; explicitFileType = wrapper.application; includeInIndex = 0; path = HDBook.app; sourceTree = BUILT_PRODUCTS_DIR; };
		1DD7D7012C49367200CFA245 /* HDBookApp.swift */ = {isa = PBXFileReference; lastKnownFileType = sourcecode.swift; path = HDBookApp.swift; sourceTree = "<group>"; };
		1DD7D7052C49367400CFA245 /* Assets.xcassets */ = {isa = PBXFileReference; lastKnownFileType = folder.assetcatalog; path = Assets.xcassets; sourceTree = "<group>"; };
		1DD7D7082C49367400CFA245 /* Preview Assets.xcassets */ = {isa = PBXFileReference; lastKnownFileType = folder.assetcatalog; path = "Preview Assets.xcassets"; sourceTree = "<group>"; };
		1DD7D70E2C49367500CFA245 /* HDBookTests.xctest */ = {isa = PBXFileReference; explicitFileType = wrapper.cfbundle; includeInIndex = 0; path = HDBookTests.xctest; sourceTree = BUILT_PRODUCTS_DIR; };
		1DD7D7122C49367500CFA245 /* HDBookTests.swift */ = {isa = PBXFileReference; lastKnownFileType = sourcecode.swift; path = HDBookTests.swift; sourceTree = "<group>"; };
		1DD7D7182C49367500CFA245 /* HDBookUITests.xctest */ = {isa = PBXFileReference; explicitFileType = wrapper.cfbundle; includeInIndex = 0; path = HDBookUITests.xctest; sourceTree = BUILT_PRODUCTS_DIR; };
		1DD7D71C2C49367500CFA245 /* HDBookUITests.swift */ = {isa = PBXFileReference; lastKnownFileType = sourcecode.swift; path = HDBookUITests.swift; sourceTree = "<group>"; };
		1DD7D71E2C49367500CFA245 /* HDBookUITestsLaunchTests.swift */ = {isa = PBXFileReference; lastKnownFileType = sourcecode.swift; path = HDBookUITestsLaunchTests.swift; sourceTree = "<group>"; };
		1DD7D72B2C4950AE00CFA245 /* AppDelegate.swift */ = {isa = PBXFileReference; lastKnownFileType = sourcecode.swift; path = AppDelegate.swift; sourceTree = "<group>"; };
		1DD7D72D2C49512100CFA245 /* FirebaseStorageService.swift */ = {isa = PBXFileReference; lastKnownFileType = sourcecode.swift; path = FirebaseStorageService.swift; sourceTree = "<group>"; };
		1DD7D7322C4952CD00CFA245 /* ARViewCoordinator.swift */ = {isa = PBXFileReference; lastKnownFileType = sourcecode.swift; path = ARViewCoordinator.swift; sourceTree = "<group>"; };
		1DD7D7342C4953DB00CFA245 /* LaunchScreen.swift */ = {isa = PBXFileReference; lastKnownFileType = sourcecode.swift; path = LaunchScreen.swift; sourceTree = "<group>"; };
		1DD7D7392C4956D600CFA245 /* ARCameraView.swift */ = {isa = PBXFileReference; lastKnownFileType = sourcecode.swift; path = ARCameraView.swift; sourceTree = "<group>"; };
		1DD7D73B2C49570900CFA245 /* TutorialCardsViewModel.swift */ = {isa = PBXFileReference; lastKnownFileType = sourcecode.swift; path = TutorialCardsViewModel.swift; sourceTree = "<group>"; };
		1DD7D73D2C49574E00CFA245 /* TutorialCardView.swift */ = {isa = PBXFileReference; lastKnownFileType = sourcecode.swift; path = TutorialCardView.swift; sourceTree = "<group>"; };
		1DD7D7412C4957B000CFA245 /* TutorialView.swift */ = {isa = PBXFileReference; lastKnownFileType = sourcecode.swift; path = TutorialView.swift; sourceTree = "<group>"; };
		1DD7D7432C4957D400CFA245 /* ModifiedTutorialView.swift */ = {isa = PBXFileReference; lastKnownFileType = sourcecode.swift; path = ModifiedTutorialView.swift; sourceTree = "<group>"; };
		1DD7D7452C4957EF00CFA245 /* ModifiedTutorialCardView.swift */ = {isa = PBXFileReference; lastKnownFileType = sourcecode.swift; path = ModifiedTutorialCardView.swift; sourceTree = "<group>"; };
		1DD7D7492C49583900CFA245 /* TutorialCards.swift */ = {isa = PBXFileReference; lastKnownFileType = sourcecode.swift; path = TutorialCards.swift; sourceTree = "<group>"; };
		1DD7D74E2C4958E700CFA245 /* AppColors.swift */ = {isa = PBXFileReference; lastKnownFileType = sourcecode.swift; path = AppColors.swift; sourceTree = "<group>"; };
		1DD7D7502C49597E00CFA245 /* Assets Files */ = {isa = PBXFileReference; lastKnownFileType = folder; path = "Assets Files"; sourceTree = "<group>"; };
		1DD7D7542C495A5C00CFA245 /* Fonts.swift */ = {isa = PBXFileReference; lastKnownFileType = sourcecode.swift; path = Fonts.swift; sourceTree = "<group>"; };
		1DD7D7562C495AC900CFA245 /* CTPanoramaCompass.swift */ = {isa = PBXFileReference; lastKnownFileType = sourcecode.swift; path = CTPanoramaCompass.swift; sourceTree = "<group>"; };
		1DD7D7582C495FFE00CFA245 /* GoogleService-Info.plist */ = {isa = PBXFileReference; fileEncoding = 4; lastKnownFileType = text.plist.xml; path = "GoogleService-Info.plist"; sourceTree = "<group>"; };
/* End PBXFileReference section */

/* Begin PBXFrameworksBuildPhase section */
		1DD7D6FB2C49367200CFA245 /* Frameworks */ = {
			isa = PBXFrameworksBuildPhase;
			buildActionMask = 2147483647;
			files = (
				1DD7D7312C4951C700CFA245 /* FirebaseStorage in Frameworks */,
				1DD7D7382C4953F500CFA245 /* Reachability in Frameworks */,
			);
			runOnlyForDeploymentPostprocessing = 0;
		};
		1DD7D70B2C49367500CFA245 /* Frameworks */ = {
			isa = PBXFrameworksBuildPhase;
			buildActionMask = 2147483647;
			files = (
			);
			runOnlyForDeploymentPostprocessing = 0;
		};
		1DD7D7152C49367500CFA245 /* Frameworks */ = {
			isa = PBXFrameworksBuildPhase;
			buildActionMask = 2147483647;
			files = (
			);
			runOnlyForDeploymentPostprocessing = 0;
		};
/* End PBXFrameworksBuildPhase section */

/* Begin PBXGroup section */
		1D164F8E2C513EEC004C0F75 /* Assets Manager */ = {
			isa = PBXGroup;
			children = (
				1DD7D7322C4952CD00CFA245 /* ARViewCoordinator.swift */,
				1DD7D7562C495AC900CFA245 /* CTPanoramaCompass.swift */,
				1D164F8C2C513E7E004C0F75 /* ImageManager.swift */,
				1D164F8A2C513E63004C0F75 /* VideoManager.swift */,
				1D164F912C5144A8004C0F75 /* ARProtocols.swift */,
				1D164F932C515F9B004C0F75 /* ModelManager.swift */,
			);
			path = "Assets Manager";
			sourceTree = "<group>";
		};
		1DD7D6F52C49367200CFA245 = {
			isa = PBXGroup;
			children = (
				1DD7D7002C49367200CFA245 /* HDBook */,
				1DD7D7112C49367500CFA245 /* HDBookTests */,
				1DD7D71B2C49367500CFA245 /* HDBookUITests */,
				1DD7D6FF2C49367200CFA245 /* Products */,
			);
			sourceTree = "<group>";
		};
		1DD7D6FF2C49367200CFA245 /* Products */ = {
			isa = PBXGroup;
			children = (
				1DD7D6FE2C49367200CFA245 /* HDBook.app */,
				1DD7D70E2C49367500CFA245 /* HDBookTests.xctest */,
				1DD7D7182C49367500CFA245 /* HDBookUITests.xctest */,
			);
			name = Products;
			sourceTree = "<group>";
		};
		1DD7D7002C49367200CFA245 /* HDBook */ = {
			isa = PBXGroup;
			children = (
				1DD7D74B2C49589200CFA245 /* Networking */,
				1DD7D7482C49582900CFA245 /* Model */,
				1DD7D7402C49578500CFA245 /* View */,
				1DD7D7012C49367200CFA245 /* HDBookApp.swift */,
				1DD7D72B2C4950AE00CFA245 /* AppDelegate.swift */,
				1DD7D7052C49367400CFA245 /* Assets.xcassets */,
				1DD7D7582C495FFE00CFA245 /* GoogleService-Info.plist */,
				1DD7D74D2C4958D800CFA245 /* Helpers */,
				1DD7D7502C49597E00CFA245 /* Assets Files */,
				1DD7D7072C49367400CFA245 /* Preview Content */,
				1D164F862C513B6C004C0F75 /* 360View.scnassets */,
				1D164F882C513B7E004C0F75 /* Videos.scnassets */,
				1D164F9E2C58FF58004C0F75 /* 3DModels.scnassets */,
				1DB8F6BE2C5A9CC500C98E74 /* SuperZoom.scnassets */,
			);
			path = HDBook;
			sourceTree = "<group>";
		};
		1DD7D7072C49367400CFA245 /* Preview Content */ = {
			isa = PBXGroup;
			children = (
				1DD7D7082C49367400CFA245 /* Preview Assets.xcassets */,
			);
			path = "Preview Content";
			sourceTree = "<group>";
		};
		1DD7D7112C49367500CFA245 /* HDBookTests */ = {
			isa = PBXGroup;
			children = (
				1DD7D7122C49367500CFA245 /* HDBookTests.swift */,
			);
			path = HDBookTests;
			sourceTree = "<group>";
		};
		1DD7D71B2C49367500CFA245 /* HDBookUITests */ = {
			isa = PBXGroup;
			children = (
				1DD7D71C2C49367500CFA245 /* HDBookUITests.swift */,
				1DD7D71E2C49367500CFA245 /* HDBookUITestsLaunchTests.swift */,
			);
			path = HDBookUITests;
			sourceTree = "<group>";
		};
		1DD7D73F2C49576D00CFA245 /* TutorialCardView */ = {
			isa = PBXGroup;
			children = (
				1DD7D73D2C49574E00CFA245 /* TutorialCardView.swift */,
				1DD7D73B2C49570900CFA245 /* TutorialCardsViewModel.swift */,
				1DD7D7412C4957B000CFA245 /* TutorialView.swift */,
				1DD7D7432C4957D400CFA245 /* ModifiedTutorialView.swift */,
				1DD7D7452C4957EF00CFA245 /* ModifiedTutorialCardView.swift */,
			);
			path = TutorialCardView;
			sourceTree = "<group>";
		};
		1DD7D7402C49578500CFA245 /* View */ = {
			isa = PBXGroup;
			children = (
				1DD7D74C2C4958AC00CFA245 /* ARCameraView */,
				1DD7D7472C49580E00CFA245 /* LaunchScreen */,
				1DD7D73F2C49576D00CFA245 /* TutorialCardView */,
			);
			path = View;
			sourceTree = "<group>";
		};
		1DD7D7472C49580E00CFA245 /* LaunchScreen */ = {
			isa = PBXGroup;
			children = (
				1DD7D7342C4953DB00CFA245 /* LaunchScreen.swift */,
			);
			path = LaunchScreen;
			sourceTree = "<group>";
		};
		1DD7D7482C49582900CFA245 /* Model */ = {
			isa = PBXGroup;
			children = (
				1DD7D7492C49583900CFA245 /* TutorialCards.swift */,
			);
			path = Model;
			sourceTree = "<group>";
		};
		1DD7D74B2C49589200CFA245 /* Networking */ = {
			isa = PBXGroup;
			children = (
				1DD7D72D2C49512100CFA245 /* FirebaseStorageService.swift */,
			);
			path = Networking;
			sourceTree = "<group>";
		};
		1DD7D74C2C4958AC00CFA245 /* ARCameraView */ = {
			isa = PBXGroup;
			children = (
				1D164F8E2C513EEC004C0F75 /* Assets Manager */,
				1DD7D7392C4956D600CFA245 /* ARCameraView.swift */,
				1DB8F6C02C5CDFB100C98E74 /* SuperZoomView.swift */,
				1DB8F6C22C5D29EA00C98E74 /* ZoomableScrollView.swift */,
			);
			path = ARCameraView;
			sourceTree = "<group>";
		};
		1DD7D74D2C4958D800CFA245 /* Helpers */ = {
			isa = PBXGroup;
			children = (
				1DD7D74E2C4958E700CFA245 /* AppColors.swift */,
				1DD7D7542C495A5C00CFA245 /* Fonts.swift */,
			);
			path = Helpers;
			sourceTree = "<group>";
		};
/* End PBXGroup section */

/* Begin PBXNativeTarget section */
		1DD7D6FD2C49367200CFA245 /* HDBook */ = {
			isa = PBXNativeTarget;
			buildConfigurationList = 1DD7D7222C49367500CFA245 /* Build configuration list for PBXNativeTarget "HDBook" */;
			buildPhases = (
				1DD7D6FA2C49367200CFA245 /* Sources */,
				1DD7D6FB2C49367200CFA245 /* Frameworks */,
				1DD7D6FC2C49367200CFA245 /* Resources */,
			);
			buildRules = (
			);
			dependencies = (
			);
			name = HDBook;
			packageProductDependencies = (
				1DD7D7302C4951C700CFA245 /* FirebaseStorage */,
				1DD7D7372C4953F500CFA245 /* Reachability */,
			);
			productName = HDBook;
			productReference = 1DD7D6FE2C49367200CFA245 /* HDBook.app */;
			productType = "com.apple.product-type.application";
		};
		1DD7D70D2C49367500CFA245 /* HDBookTests */ = {
			isa = PBXNativeTarget;
			buildConfigurationList = 1DD7D7252C49367500CFA245 /* Build configuration list for PBXNativeTarget "HDBookTests" */;
			buildPhases = (
				1DD7D70A2C49367500CFA245 /* Sources */,
				1DD7D70B2C49367500CFA245 /* Frameworks */,
				1DD7D70C2C49367500CFA245 /* Resources */,
			);
			buildRules = (
			);
			dependencies = (
				1DD7D7102C49367500CFA245 /* PBXTargetDependency */,
			);
			name = HDBookTests;
			productName = HDBookTests;
			productReference = 1DD7D70E2C49367500CFA245 /* HDBookTests.xctest */;
			productType = "com.apple.product-type.bundle.unit-test";
		};
		1DD7D7172C49367500CFA245 /* HDBookUITests */ = {
			isa = PBXNativeTarget;
			buildConfigurationList = 1DD7D7282C49367500CFA245 /* Build configuration list for PBXNativeTarget "HDBookUITests" */;
			buildPhases = (
				1DD7D7142C49367500CFA245 /* Sources */,
				1DD7D7152C49367500CFA245 /* Frameworks */,
				1DD7D7162C49367500CFA245 /* Resources */,
			);
			buildRules = (
			);
			dependencies = (
				1DD7D71A2C49367500CFA245 /* PBXTargetDependency */,
			);
			name = HDBookUITests;
			productName = HDBookUITests;
			productReference = 1DD7D7182C49367500CFA245 /* HDBookUITests.xctest */;
			productType = "com.apple.product-type.bundle.ui-testing";
		};
/* End PBXNativeTarget section */

/* Begin PBXProject section */
		1DD7D6F62C49367200CFA245 /* Project object */ = {
			isa = PBXProject;
			attributes = {
				BuildIndependentTargetsInParallel = 1;
				LastSwiftUpdateCheck = 1530;
				LastUpgradeCheck = 1530;
				TargetAttributes = {
					1DD7D6FD2C49367200CFA245 = {
						CreatedOnToolsVersion = 15.3;
					};
					1DD7D70D2C49367500CFA245 = {
						CreatedOnToolsVersion = 15.3;
						TestTargetID = 1DD7D6FD2C49367200CFA245;
					};
					1DD7D7172C49367500CFA245 = {
						CreatedOnToolsVersion = 15.3;
						TestTargetID = 1DD7D6FD2C49367200CFA245;
					};
				};
			};
			buildConfigurationList = 1DD7D6F92C49367200CFA245 /* Build configuration list for PBXProject "HDBook" */;
			compatibilityVersion = "Xcode 14.0";
			developmentRegion = en;
			hasScannedForEncodings = 0;
			knownRegions = (
				en,
				Base,
			);
			mainGroup = 1DD7D6F52C49367200CFA245;
			packageReferences = (
				1DD7D72F2C4951C700CFA245 /* XCRemoteSwiftPackageReference "firebase-ios-sdk" */,
				1DD7D7362C4953F500CFA245 /* XCRemoteSwiftPackageReference "Reachability" */,
			);
			productRefGroup = 1DD7D6FF2C49367200CFA245 /* Products */;
			projectDirPath = "";
			projectRoot = "";
			targets = (
				1DD7D6FD2C49367200CFA245 /* HDBook */,
				1DD7D70D2C49367500CFA245 /* HDBookTests */,
				1DD7D7172C49367500CFA245 /* HDBookUITests */,
			);
		};
/* End PBXProject section */

/* Begin PBXResourcesBuildPhase section */
		1DD7D6FC2C49367200CFA245 /* Resources */ = {
			isa = PBXResourcesBuildPhase;
			buildActionMask = 2147483647;
			files = (
				1D164F9F2C58FF58004C0F75 /* 3DModels.scnassets in Resources */,
				1DD7D7512C49597E00CFA245 /* Assets Files in Resources */,
				1DD7D7092C49367400CFA245 /* Preview Assets.xcassets in Resources */,
				1D164F872C513B6C004C0F75 /* 360View.scnassets in Resources */,
				1DB8F6BF2C5A9CC500C98E74 /* SuperZoom.scnassets in Resources */,
				1DD7D7062C49367400CFA245 /* Assets.xcassets in Resources */,
				1DD7D7592C495FFE00CFA245 /* GoogleService-Info.plist in Resources */,
				1D164F892C513B7E004C0F75 /* Videos.scnassets in Resources */,
			);
			runOnlyForDeploymentPostprocessing = 0;
		};
		1DD7D70C2C49367500CFA245 /* Resources */ = {
			isa = PBXResourcesBuildPhase;
			buildActionMask = 2147483647;
			files = (
			);
			runOnlyForDeploymentPostprocessing = 0;
		};
		1DD7D7162C49367500CFA245 /* Resources */ = {
			isa = PBXResourcesBuildPhase;
			buildActionMask = 2147483647;
			files = (
			);
			runOnlyForDeploymentPostprocessing = 0;
		};
/* End PBXResourcesBuildPhase section */

/* Begin PBXSourcesBuildPhase section */
		1DD7D6FA2C49367200CFA245 /* Sources */ = {
			isa = PBXSourcesBuildPhase;
			buildActionMask = 2147483647;
			files = (
				1DD7D72C2C4950AE00CFA245 /* AppDelegate.swift in Sources */,
				1DD7D7552C495A5C00CFA245 /* Fonts.swift in Sources */,
				1DD7D73A2C4956D600CFA245 /* ARCameraView.swift in Sources */,
				1D164F8D2C513E7E004C0F75 /* ImageManager.swift in Sources */,
				1DD7D74A2C49583900CFA245 /* TutorialCards.swift in Sources */,
				1DB8F6C12C5CDFB100C98E74 /* SuperZoomView.swift in Sources */,
				1DD7D7332C4952CE00CFA245 /* ARViewCoordinator.swift in Sources */,
				1DB8F6C32C5D29EA00C98E74 /* ZoomableScrollView.swift in Sources */,
				1DD7D7462C4957EF00CFA245 /* ModifiedTutorialCardView.swift in Sources */,
				1DD7D7352C4953DB00CFA245 /* LaunchScreen.swift in Sources */,
				1DD7D73C2C49570900CFA245 /* TutorialCardsViewModel.swift in Sources */,
				1D164F8B2C513E63004C0F75 /* VideoManager.swift in Sources */,
				1DD7D72E2C49512100CFA245 /* FirebaseStorageService.swift in Sources */,
				1DD7D73E2C49574E00CFA245 /* TutorialCardView.swift in Sources */,
				1DD7D7422C4957B000CFA245 /* TutorialView.swift in Sources */,
				1DD7D74F2C4958E700CFA245 /* AppColors.swift in Sources */,
				1DD7D7022C49367200CFA245 /* HDBookApp.swift in Sources */,
				1D164F922C5144A8004C0F75 /* ARProtocols.swift in Sources */,
				1D164F942C515F9B004C0F75 /* ModelManager.swift in Sources */,
				1DD7D7572C495AC900CFA245 /* CTPanoramaCompass.swift in Sources */,
				1DD7D7442C4957D400CFA245 /* ModifiedTutorialView.swift in Sources */,
			);
			runOnlyForDeploymentPostprocessing = 0;
		};
		1DD7D70A2C49367500CFA245 /* Sources */ = {
			isa = PBXSourcesBuildPhase;
			buildActionMask = 2147483647;
			files = (
				1DD7D7132C49367500CFA245 /* HDBookTests.swift in Sources */,
			);
			runOnlyForDeploymentPostprocessing = 0;
		};
		1DD7D7142C49367500CFA245 /* Sources */ = {
			isa = PBXSourcesBuildPhase;
			buildActionMask = 2147483647;
			files = (
				1DD7D71D2C49367500CFA245 /* HDBookUITests.swift in Sources */,
				1DD7D71F2C49367500CFA245 /* HDBookUITestsLaunchTests.swift in Sources */,
			);
			runOnlyForDeploymentPostprocessing = 0;
		};
/* End PBXSourcesBuildPhase section */

/* Begin PBXTargetDependency section */
		1DD7D7102C49367500CFA245 /* PBXTargetDependency */ = {
			isa = PBXTargetDependency;
			target = 1DD7D6FD2C49367200CFA245 /* HDBook */;
			targetProxy = 1DD7D70F2C49367500CFA245 /* PBXContainerItemProxy */;
		};
		1DD7D71A2C49367500CFA245 /* PBXTargetDependency */ = {
			isa = PBXTargetDependency;
			target = 1DD7D6FD2C49367200CFA245 /* HDBook */;
			targetProxy = 1DD7D7192C49367500CFA245 /* PBXContainerItemProxy */;
		};
/* End PBXTargetDependency section */

/* Begin XCBuildConfiguration section */
		1DD7D7202C49367500CFA245 /* Debug */ = {
			isa = XCBuildConfiguration;
			buildSettings = {
				ALWAYS_SEARCH_USER_PATHS = NO;
				ASSETCATALOG_COMPILER_GENERATE_SWIFT_ASSET_SYMBOL_EXTENSIONS = YES;
				CLANG_ANALYZER_NONNULL = YES;
				CLANG_ANALYZER_NUMBER_OBJECT_CONVERSION = YES_AGGRESSIVE;
				CLANG_CXX_LANGUAGE_STANDARD = "gnu++20";
				CLANG_ENABLE_MODULES = YES;
				CLANG_ENABLE_OBJC_ARC = YES;
				CLANG_ENABLE_OBJC_WEAK = YES;
				CLANG_WARN_BLOCK_CAPTURE_AUTORELEASING = YES;
				CLANG_WARN_BOOL_CONVERSION = YES;
				CLANG_WARN_COMMA = YES;
				CLANG_WARN_CONSTANT_CONVERSION = YES;
				CLANG_WARN_DEPRECATED_OBJC_IMPLEMENTATIONS = YES;
				CLANG_WARN_DIRECT_OBJC_ISA_USAGE = YES_ERROR;
				CLANG_WARN_DOCUMENTATION_COMMENTS = YES;
				CLANG_WARN_EMPTY_BODY = YES;
				CLANG_WARN_ENUM_CONVERSION = YES;
				CLANG_WARN_INFINITE_RECURSION = YES;
				CLANG_WARN_INT_CONVERSION = YES;
				CLANG_WARN_NON_LITERAL_NULL_CONVERSION = YES;
				CLANG_WARN_OBJC_IMPLICIT_RETAIN_SELF = YES;
				CLANG_WARN_OBJC_LITERAL_CONVERSION = YES;
				CLANG_WARN_OBJC_ROOT_CLASS = YES_ERROR;
				CLANG_WARN_QUOTED_INCLUDE_IN_FRAMEWORK_HEADER = YES;
				CLANG_WARN_RANGE_LOOP_ANALYSIS = YES;
				CLANG_WARN_STRICT_PROTOTYPES = YES;
				CLANG_WARN_SUSPICIOUS_MOVE = YES;
				CLANG_WARN_UNGUARDED_AVAILABILITY = YES_AGGRESSIVE;
				CLANG_WARN_UNREACHABLE_CODE = YES;
				CLANG_WARN__DUPLICATE_METHOD_MATCH = YES;
				COPY_PHASE_STRIP = NO;
				DEBUG_INFORMATION_FORMAT = dwarf;
				ENABLE_STRICT_OBJC_MSGSEND = YES;
				ENABLE_TESTABILITY = YES;
				ENABLE_USER_SCRIPT_SANDBOXING = YES;
				GCC_C_LANGUAGE_STANDARD = gnu17;
				GCC_DYNAMIC_NO_PIC = NO;
				GCC_NO_COMMON_BLOCKS = YES;
				GCC_OPTIMIZATION_LEVEL = 0;
				GCC_PREPROCESSOR_DEFINITIONS = (
					"DEBUG=1",
					"$(inherited)",
				);
				GCC_WARN_64_TO_32_BIT_CONVERSION = YES;
				GCC_WARN_ABOUT_RETURN_TYPE = YES_ERROR;
				GCC_WARN_UNDECLARED_SELECTOR = YES;
				GCC_WARN_UNINITIALIZED_AUTOS = YES_AGGRESSIVE;
				GCC_WARN_UNUSED_FUNCTION = YES;
				GCC_WARN_UNUSED_VARIABLE = YES;
				IPHONEOS_DEPLOYMENT_TARGET = 17.4;
				LOCALIZATION_PREFERS_STRING_CATALOGS = YES;
				MTL_ENABLE_DEBUG_INFO = INCLUDE_SOURCE;
				MTL_FAST_MATH = YES;
				ONLY_ACTIVE_ARCH = YES;
				SDKROOT = iphoneos;
				SWIFT_ACTIVE_COMPILATION_CONDITIONS = "DEBUG $(inherited)";
				SWIFT_OPTIMIZATION_LEVEL = "-Onone";
			};
			name = Debug;
		};
		1DD7D7212C49367500CFA245 /* Release */ = {
			isa = XCBuildConfiguration;
			buildSettings = {
				ALWAYS_SEARCH_USER_PATHS = NO;
				ASSETCATALOG_COMPILER_GENERATE_SWIFT_ASSET_SYMBOL_EXTENSIONS = YES;
				CLANG_ANALYZER_NONNULL = YES;
				CLANG_ANALYZER_NUMBER_OBJECT_CONVERSION = YES_AGGRESSIVE;
				CLANG_CXX_LANGUAGE_STANDARD = "gnu++20";
				CLANG_ENABLE_MODULES = YES;
				CLANG_ENABLE_OBJC_ARC = YES;
				CLANG_ENABLE_OBJC_WEAK = YES;
				CLANG_WARN_BLOCK_CAPTURE_AUTORELEASING = YES;
				CLANG_WARN_BOOL_CONVERSION = YES;
				CLANG_WARN_COMMA = YES;
				CLANG_WARN_CONSTANT_CONVERSION = YES;
				CLANG_WARN_DEPRECATED_OBJC_IMPLEMENTATIONS = YES;
				CLANG_WARN_DIRECT_OBJC_ISA_USAGE = YES_ERROR;
				CLANG_WARN_DOCUMENTATION_COMMENTS = YES;
				CLANG_WARN_EMPTY_BODY = YES;
				CLANG_WARN_ENUM_CONVERSION = YES;
				CLANG_WARN_INFINITE_RECURSION = YES;
				CLANG_WARN_INT_CONVERSION = YES;
				CLANG_WARN_NON_LITERAL_NULL_CONVERSION = YES;
				CLANG_WARN_OBJC_IMPLICIT_RETAIN_SELF = YES;
				CLANG_WARN_OBJC_LITERAL_CONVERSION = YES;
				CLANG_WARN_OBJC_ROOT_CLASS = YES_ERROR;
				CLANG_WARN_QUOTED_INCLUDE_IN_FRAMEWORK_HEADER = YES;
				CLANG_WARN_RANGE_LOOP_ANALYSIS = YES;
				CLANG_WARN_STRICT_PROTOTYPES = YES;
				CLANG_WARN_SUSPICIOUS_MOVE = YES;
				CLANG_WARN_UNGUARDED_AVAILABILITY = YES_AGGRESSIVE;
				CLANG_WARN_UNREACHABLE_CODE = YES;
				CLANG_WARN__DUPLICATE_METHOD_MATCH = YES;
				COPY_PHASE_STRIP = NO;
				DEBUG_INFORMATION_FORMAT = "dwarf-with-dsym";
				ENABLE_NS_ASSERTIONS = NO;
				ENABLE_STRICT_OBJC_MSGSEND = YES;
				ENABLE_USER_SCRIPT_SANDBOXING = YES;
				GCC_C_LANGUAGE_STANDARD = gnu17;
				GCC_NO_COMMON_BLOCKS = YES;
				GCC_WARN_64_TO_32_BIT_CONVERSION = YES;
				GCC_WARN_ABOUT_RETURN_TYPE = YES_ERROR;
				GCC_WARN_UNDECLARED_SELECTOR = YES;
				GCC_WARN_UNINITIALIZED_AUTOS = YES_AGGRESSIVE;
				GCC_WARN_UNUSED_FUNCTION = YES;
				GCC_WARN_UNUSED_VARIABLE = YES;
				IPHONEOS_DEPLOYMENT_TARGET = 17.4;
				LOCALIZATION_PREFERS_STRING_CATALOGS = YES;
				MTL_ENABLE_DEBUG_INFO = NO;
				MTL_FAST_MATH = YES;
				SDKROOT = iphoneos;
				SWIFT_COMPILATION_MODE = wholemodule;
				VALIDATE_PRODUCT = YES;
			};
			name = Release;
		};
		1DD7D7232C49367500CFA245 /* Debug */ = {
			isa = XCBuildConfiguration;
			buildSettings = {
				ASSETCATALOG_COMPILER_APPICON_NAME = AppIcon;
				ASSETCATALOG_COMPILER_GLOBAL_ACCENT_COLOR_NAME = AccentColor;
				CODE_SIGN_STYLE = Automatic;
				CURRENT_PROJECT_VERSION = 1;
				DEVELOPMENT_ASSET_PATHS = "\"HDBook/Preview Content\"";
				DEVELOPMENT_TEAM = Q898A57MVC;
				ENABLE_PREVIEWS = YES;
				GENERATE_INFOPLIST_FILE = YES;
				INFOPLIST_KEY_NSCameraUsageDescription = "Our app needs access to your camera to enabled the AR experience";
				INFOPLIST_KEY_UIApplicationSceneManifest_Generation = YES;
				INFOPLIST_KEY_UIApplicationSupportsIndirectInputEvents = YES;
				INFOPLIST_KEY_UILaunchScreen_Generation = YES;
				INFOPLIST_KEY_UISupportedInterfaceOrientations = UIInterfaceOrientationPortrait;
				LD_RUNPATH_SEARCH_PATHS = (
					"$(inherited)",
					"@executable_path/Frameworks",
				);
				MARKETING_VERSION = 1.0;
				PRODUCT_BUNDLE_IDENTIFIER = com.HD.HDBook;
				PRODUCT_NAME = "$(TARGET_NAME)";
				SUPPORTED_PLATFORMS = "iphoneos iphonesimulator";
				SUPPORTS_MACCATALYST = NO;
				SUPPORTS_MAC_DESIGNED_FOR_IPHONE_IPAD = NO;
				SUPPORTS_XR_DESIGNED_FOR_IPHONE_IPAD = NO;
				SWIFT_EMIT_LOC_STRINGS = YES;
				SWIFT_VERSION = 5.0;
				TARGETED_DEVICE_FAMILY = "1,2";
			};
			name = Debug;
		};
		1DD7D7242C49367500CFA245 /* Release */ = {
			isa = XCBuildConfiguration;
			buildSettings = {
				ASSETCATALOG_COMPILER_APPICON_NAME = AppIcon;
				ASSETCATALOG_COMPILER_GLOBAL_ACCENT_COLOR_NAME = AccentColor;
				CODE_SIGN_STYLE = Automatic;
				CURRENT_PROJECT_VERSION = 1;
				DEVELOPMENT_ASSET_PATHS = "\"HDBook/Preview Content\"";
				DEVELOPMENT_TEAM = Q898A57MVC;
				ENABLE_PREVIEWS = YES;
				GENERATE_INFOPLIST_FILE = YES;
				INFOPLIST_KEY_NSCameraUsageDescription = "Our app needs access to your camera to enabled the AR experience";
				INFOPLIST_KEY_UIApplicationSceneManifest_Generation = YES;
				INFOPLIST_KEY_UIApplicationSupportsIndirectInputEvents = YES;
				INFOPLIST_KEY_UILaunchScreen_Generation = YES;
				INFOPLIST_KEY_UISupportedInterfaceOrientations = UIInterfaceOrientationPortrait;
				LD_RUNPATH_SEARCH_PATHS = (
					"$(inherited)",
					"@executable_path/Frameworks",
				);
				MARKETING_VERSION = 1.0;
				PRODUCT_BUNDLE_IDENTIFIER = com.HD.HDBook;
				PRODUCT_NAME = "$(TARGET_NAME)";
				SUPPORTED_PLATFORMS = "iphoneos iphonesimulator";
				SUPPORTS_MACCATALYST = NO;
				SUPPORTS_MAC_DESIGNED_FOR_IPHONE_IPAD = NO;
				SUPPORTS_XR_DESIGNED_FOR_IPHONE_IPAD = NO;
				SWIFT_EMIT_LOC_STRINGS = YES;
				SWIFT_VERSION = 5.0;
				TARGETED_DEVICE_FAMILY = "1,2";
			};
			name = Release;
		};
		1DD7D7262C49367500CFA245 /* Debug */ = {
			isa = XCBuildConfiguration;
			buildSettings = {
				ALWAYS_EMBED_SWIFT_STANDARD_LIBRARIES = YES;
				BUNDLE_LOADER = "$(TEST_HOST)";
				CODE_SIGN_STYLE = Automatic;
				CURRENT_PROJECT_VERSION = 1;
				DEVELOPMENT_TEAM = Q898A57MVC;
				GENERATE_INFOPLIST_FILE = YES;
				IPHONEOS_DEPLOYMENT_TARGET = 17.4;
				MARKETING_VERSION = 1.0;
				PRODUCT_BUNDLE_IDENTIFIER = com.HD.HDBookTests;
				PRODUCT_NAME = "$(TARGET_NAME)";
				SWIFT_EMIT_LOC_STRINGS = NO;
				SWIFT_VERSION = 5.0;
				TARGETED_DEVICE_FAMILY = "1,2";
				TEST_HOST = "$(BUILT_PRODUCTS_DIR)/HDBook.app/$(BUNDLE_EXECUTABLE_FOLDER_PATH)/HDBook";
			};
			name = Debug;
		};
		1DD7D7272C49367500CFA245 /* Release */ = {
			isa = XCBuildConfiguration;
			buildSettings = {
				ALWAYS_EMBED_SWIFT_STANDARD_LIBRARIES = YES;
				BUNDLE_LOADER = "$(TEST_HOST)";
				CODE_SIGN_STYLE = Automatic;
				CURRENT_PROJECT_VERSION = 1;
				DEVELOPMENT_TEAM = Q898A57MVC;
				GENERATE_INFOPLIST_FILE = YES;
				IPHONEOS_DEPLOYMENT_TARGET = 17.4;
				MARKETING_VERSION = 1.0;
				PRODUCT_BUNDLE_IDENTIFIER = com.HD.HDBookTests;
				PRODUCT_NAME = "$(TARGET_NAME)";
				SWIFT_EMIT_LOC_STRINGS = NO;
				SWIFT_VERSION = 5.0;
				TARGETED_DEVICE_FAMILY = "1,2";
				TEST_HOST = "$(BUILT_PRODUCTS_DIR)/HDBook.app/$(BUNDLE_EXECUTABLE_FOLDER_PATH)/HDBook";
			};
			name = Release;
		};
		1DD7D7292C49367500CFA245 /* Debug */ = {
			isa = XCBuildConfiguration;
			buildSettings = {
				ALWAYS_EMBED_SWIFT_STANDARD_LIBRARIES = YES;
				CODE_SIGN_STYLE = Automatic;
				CURRENT_PROJECT_VERSION = 1;
				DEVELOPMENT_TEAM = Q898A57MVC;
				GENERATE_INFOPLIST_FILE = YES;
				MARKETING_VERSION = 1.0;
				PRODUCT_BUNDLE_IDENTIFIER = com.HD.HDBookUITests;
				PRODUCT_NAME = "$(TARGET_NAME)";
				SWIFT_EMIT_LOC_STRINGS = NO;
				SWIFT_VERSION = 5.0;
				TARGETED_DEVICE_FAMILY = "1,2";
				TEST_TARGET_NAME = HDBook;
			};
			name = Debug;
		};
		1DD7D72A2C49367500CFA245 /* Release */ = {
			isa = XCBuildConfiguration;
			buildSettings = {
				ALWAYS_EMBED_SWIFT_STANDARD_LIBRARIES = YES;
				CODE_SIGN_STYLE = Automatic;
				CURRENT_PROJECT_VERSION = 1;
				DEVELOPMENT_TEAM = Q898A57MVC;
				GENERATE_INFOPLIST_FILE = YES;
				MARKETING_VERSION = 1.0;
				PRODUCT_BUNDLE_IDENTIFIER = com.HD.HDBookUITests;
				PRODUCT_NAME = "$(TARGET_NAME)";
				SWIFT_EMIT_LOC_STRINGS = NO;
				SWIFT_VERSION = 5.0;
				TARGETED_DEVICE_FAMILY = "1,2";
				TEST_TARGET_NAME = HDBook;
			};
			name = Release;
		};
/* End XCBuildConfiguration section */

/* Begin XCConfigurationList section */
		1DD7D6F92C49367200CFA245 /* Build configuration list for PBXProject "HDBook" */ = {
			isa = XCConfigurationList;
			buildConfigurations = (
				1DD7D7202C49367500CFA245 /* Debug */,
				1DD7D7212C49367500CFA245 /* Release */,
			);
			defaultConfigurationIsVisible = 0;
			defaultConfigurationName = Release;
		};
		1DD7D7222C49367500CFA245 /* Build configuration list for PBXNativeTarget "HDBook" */ = {
			isa = XCConfigurationList;
			buildConfigurations = (
				1DD7D7232C49367500CFA245 /* Debug */,
				1DD7D7242C49367500CFA245 /* Release */,
			);
			defaultConfigurationIsVisible = 0;
			defaultConfigurationName = Release;
		};
		1DD7D7252C49367500CFA245 /* Build configuration list for PBXNativeTarget "HDBookTests" */ = {
			isa = XCConfigurationList;
			buildConfigurations = (
				1DD7D7262C49367500CFA245 /* Debug */,
				1DD7D7272C49367500CFA245 /* Release */,
			);
			defaultConfigurationIsVisible = 0;
			defaultConfigurationName = Release;
		};
		1DD7D7282C49367500CFA245 /* Build configuration list for PBXNativeTarget "HDBookUITests" */ = {
			isa = XCConfigurationList;
			buildConfigurations = (
				1DD7D7292C49367500CFA245 /* Debug */,
				1DD7D72A2C49367500CFA245 /* Release */,
			);
			defaultConfigurationIsVisible = 0;
			defaultConfigurationName = Release;
		};
/* End XCConfigurationList section */

/* Begin XCRemoteSwiftPackageReference section */
		1DD7D72F2C4951C700CFA245 /* XCRemoteSwiftPackageReference "firebase-ios-sdk" */ = {
			isa = XCRemoteSwiftPackageReference;
			repositoryURL = "https://github.com/firebase/firebase-ios-sdk";
			requirement = {
				kind = upToNextMajorVersion;
				minimumVersion = 10.29.0;
			};
		};
		1DD7D7362C4953F500CFA245 /* XCRemoteSwiftPackageReference "Reachability" */ = {
			isa = XCRemoteSwiftPackageReference;
			repositoryURL = "https://github.com/ashleymills/Reachability.swift";
			requirement = {
				branch = master;
				kind = branch;
			};
		};
/* End XCRemoteSwiftPackageReference section */

/* Begin XCSwiftPackageProductDependency section */
		1DD7D7302C4951C700CFA245 /* FirebaseStorage */ = {
			isa = XCSwiftPackageProductDependency;
			package = 1DD7D72F2C4951C700CFA245 /* XCRemoteSwiftPackageReference "firebase-ios-sdk" */;
			productName = FirebaseStorage;
		};
		1DD7D7372C4953F500CFA245 /* Reachability */ = {
			isa = XCSwiftPackageProductDependency;
			package = 1DD7D7362C4953F500CFA245 /* XCRemoteSwiftPackageReference "Reachability" */;
			productName = Reachability;
		};
/* End XCSwiftPackageProductDependency section */
	};
	rootObject = 1DD7D6F62C49367200CFA245 /* Project object */;
}
